// !$*UTF8*$!
{
	archiveVersion = 1;
	classes = {
	};
	objectVersion = 51;
	objects = {

/* Begin PBXBuildFile section */
		2FE6B1682403272F00752A55 /* AppDelegate.swift in Sources */ = {isa = PBXBuildFile; fileRef = 2FE6B1672403272F00752A55 /* AppDelegate.swift */; };
		2FE6B16A2403273000752A55 /* Assets.xcassets in Resources */ = {isa = PBXBuildFile; fileRef = 2FE6B1692403273000752A55 /* Assets.xcassets */; };
		2FE6B16D2403273000752A55 /* MainMenu.xib in Resources */ = {isa = PBXBuildFile; fileRef = 2FE6B16B2403273000752A55 /* MainMenu.xib */; };
		2FE6B176240333D100752A55 /* CustomView.xib in Resources */ = {isa = PBXBuildFile; fileRef = 2FE6B175240333D100752A55 /* CustomView.xib */; };
		2FE6B1782403345100752A55 /* CustomView.swift in Sources */ = {isa = PBXBuildFile; fileRef = 2FE6B1772403345100752A55 /* CustomView.swift */; };
		2FE6B17A2403389600752A55 /* LoadableView.swift in Sources */ = {isa = PBXBuildFile; fileRef = 2FE6B1792403389600752A55 /* LoadableView.swift */; };
		BA37D44D069BB0A836804404 /* Pods_Cov_in_Status_Bar.framework in Frameworks */ = {isa = PBXBuildFile; fileRef = CBB981E89CF930DB822E9F7E /* Pods_Cov_in_Status_Bar.framework */; };
/* End PBXBuildFile section */

/* Begin PBXFileReference section */
		2FE6B1642403272F00752A55 /* Cov_in_Status_Bar.app */ = {isa = PBXFileReference; explicitFileType = wrapper.application; includeInIndex = 0; path = Cov_in_Status_Bar.app; sourceTree = BUILT_PRODUCTS_DIR; };
		2FE6B1672403272F00752A55 /* AppDelegate.swift */ = {isa = PBXFileReference; lastKnownFileType = sourcecode.swift; path = AppDelegate.swift; sourceTree = "<group>"; };
		2FE6B1692403273000752A55 /* Assets.xcassets */ = {isa = PBXFileReference; lastKnownFileType = folder.assetcatalog; path = Assets.xcassets; sourceTree = "<group>"; };
		2FE6B16C2403273000752A55 /* Base */ = {isa = PBXFileReference; lastKnownFileType = file.xib; name = Base; path = Base.lproj/MainMenu.xib; sourceTree = "<group>"; };
		2FE6B16E2403273000752A55 /* Info.plist */ = {isa = PBXFileReference; lastKnownFileType = text.plist.xml; path = Info.plist; sourceTree = "<group>"; };
		2FE6B16F2403273000752A55 /* Cov_in_Status_Bar.entitlements */ = {isa = PBXFileReference; lastKnownFileType = text.plist.entitlements; path = Cov_in_Status_Bar.entitlements; sourceTree = "<group>"; };
		2FE6B175240333D100752A55 /* CustomView.xib */ = {isa = PBXFileReference; lastKnownFileType = file.xib; path = CustomView.xib; sourceTree = "<group>"; };
		2FE6B1772403345100752A55 /* CustomView.swift */ = {isa = PBXFileReference; lastKnownFileType = sourcecode.swift; path = CustomView.swift; sourceTree = "<group>"; };
		2FE6B1792403389600752A55 /* LoadableView.swift */ = {isa = PBXFileReference; lastKnownFileType = sourcecode.swift; path = LoadableView.swift; sourceTree = "<group>"; };
		79A3DA92A592906D02B6105C /* Pods-Cov_in_Status_Bar.debug.xcconfig */ = {isa = PBXFileReference; includeInIndex = 1; lastKnownFileType = text.xcconfig; name = "Pods-Cov_in_Status_Bar.debug.xcconfig"; path = "Target Support Files/Pods-Cov_in_Status_Bar/Pods-Cov_in_Status_Bar.debug.xcconfig"; sourceTree = "<group>"; };
		C5D0A3193F616C554DF9008F /* Pods-Cov_in_Status_Bar.release.xcconfig */ = {isa = PBXFileReference; includeInIndex = 1; lastKnownFileType = text.xcconfig; name = "Pods-Cov_in_Status_Bar.release.xcconfig"; path = "Target Support Files/Pods-Cov_in_Status_Bar/Pods-Cov_in_Status_Bar.release.xcconfig"; sourceTree = "<group>"; };
		CBB981E89CF930DB822E9F7E /* Pods_Cov_in_Status_Bar.framework */ = {isa = PBXFileReference; explicitFileType = wrapper.framework; includeInIndex = 0; path = Pods_Cov_in_Status_Bar.framework; sourceTree = BUILT_PRODUCTS_DIR; };
/* End PBXFileReference section */

/* Begin PBXFrameworksBuildPhase section */
		2FE6B1612403272F00752A55 /* Frameworks */ = {
			isa = PBXFrameworksBuildPhase;
			buildActionMask = 2147483647;
			files = (
				BA37D44D069BB0A836804404 /* Pods_Cov_in_Status_Bar.framework in Frameworks */,
			);
			runOnlyForDeploymentPostprocessing = 0;
		};
/* End PBXFrameworksBuildPhase section */

/* Begin PBXGroup section */
		2FE6B15B2403272F00752A55 = {
			isa = PBXGroup;
			children = (
				2FE6B1662403272F00752A55 /* Cov_in_Status_Bar */,
				2FE6B1652403272F00752A55 /* Products */,
				B3DFE4537643088207AA03FC /* Pods */,
				D4C4BF255819217F20298F47 /* Frameworks */,
			);
			sourceTree = "<group>";
		};
		2FE6B1652403272F00752A55 /* Products */ = {
			isa = PBXGroup;
			children = (
				2FE6B1642403272F00752A55 /* Cov_in_Status_Bar.app */,
			);
			name = Products;
			sourceTree = "<group>";
		};
		2FE6B1662403272F00752A55 /* Cov_in_Status_Bar */ = {
			isa = PBXGroup;
			children = (
				2FE6B1672403272F00752A55 /* AppDelegate.swift */,
				2FE6B1692403273000752A55 /* Assets.xcassets */,
				2FE6B16B2403273000752A55 /* MainMenu.xib */,
				2FE6B16E2403273000752A55 /* Info.plist */,
				2FE6B16F2403273000752A55 /* Cov_in_Status_Bar.entitlements */,
				2FE6B17D240340F300752A55 /* views */,
			);
			path = Cov_in_Status_Bar;
			sourceTree = "<group>";
		};
		2FE6B17D240340F300752A55 /* views */ = {
			isa = PBXGroup;
			children = (
				2FE6B175240333D100752A55 /* CustomView.xib */,
				2FE6B1772403345100752A55 /* CustomView.swift */,
				2FE6B1792403389600752A55 /* LoadableView.swift */,
			);
			path = views;
			sourceTree = "<group>";
		};
		B3DFE4537643088207AA03FC /* Pods */ = {
			isa = PBXGroup;
			children = (
				79A3DA92A592906D02B6105C /* Pods-Cov_in_Status_Bar.debug.xcconfig */,
				C5D0A3193F616C554DF9008F /* Pods-Cov_in_Status_Bar.release.xcconfig */,
			);
			path = Pods;
			sourceTree = "<group>";
		};
		D4C4BF255819217F20298F47 /* Frameworks */ = {
			isa = PBXGroup;
			children = (
				CBB981E89CF930DB822E9F7E /* Pods_Cov_in_Status_Bar.framework */,
			);
			name = Frameworks;
			sourceTree = "<group>";
		};
/* End PBXGroup section */

/* Begin PBXNativeTarget section */
		2FE6B1632403272F00752A55 /* Cov_in_Status_Bar */ = {
			isa = PBXNativeTarget;
			buildConfigurationList = 2FE6B1722403273000752A55 /* Build configuration list for PBXNativeTarget "Cov_in_Status_Bar" */;
			buildPhases = (
				BD71E9FA38065BB36BA024F0 /* [CP] Check Pods Manifest.lock */,
				2FE6B1602403272F00752A55 /* Sources */,
				2FE6B1612403272F00752A55 /* Frameworks */,
				2FE6B1622403272F00752A55 /* Resources */,
				BDE5E03E9497AA2BE156E0A4 /* [CP] Embed Pods Frameworks */,
			);
			buildRules = (
			);
			dependencies = (
			);
			name = Cov_in_Status_Bar;
			productName = Cov_in_Status_Bar;
			productReference = 2FE6B1642403272F00752A55 /* Cov_in_Status_Bar.app */;
			productType = "com.apple.product-type.application";
		};
/* End PBXNativeTarget section */

/* Begin PBXProject section */
		2FE6B15C2403272F00752A55 /* Project object */ = {
			isa = PBXProject;
			attributes = {
				LastSwiftUpdateCheck = 1130;
				LastUpgradeCheck = 1130;
				ORGANIZATIONNAME = yangyang;
				TargetAttributes = {
					2FE6B1632403272F00752A55 = {
						CreatedOnToolsVersion = 11.3.1;
					};
				};
			};
			buildConfigurationList = 2FE6B15F2403272F00752A55 /* Build configuration list for PBXProject "Cov_in_Status_Bar" */;
			compatibilityVersion = "Xcode 9.3";
			developmentRegion = en;
			hasScannedForEncodings = 0;
			knownRegions = (
				en,
				Base,
			);
			mainGroup = 2FE6B15B2403272F00752A55;
			productRefGroup = 2FE6B1652403272F00752A55 /* Products */;
			projectDirPath = "";
			projectRoot = "";
			targets = (
				2FE6B1632403272F00752A55 /* Cov_in_Status_Bar */,
			);
		};
/* End PBXProject section */

/* Begin PBXResourcesBuildPhase section */
		2FE6B1622403272F00752A55 /* Resources */ = {
			isa = PBXResourcesBuildPhase;
			buildActionMask = 2147483647;
			files = (
				2FE6B16A2403273000752A55 /* Assets.xcassets in Resources */,
				2FE6B16D2403273000752A55 /* MainMenu.xib in Resources */,
				2FE6B176240333D100752A55 /* CustomView.xib in Resources */,
			);
			runOnlyForDeploymentPostprocessing = 0;
		};
/* End PBXResourcesBuildPhase section */

/* Begin PBXShellScriptBuildPhase section */
		BD71E9FA38065BB36BA024F0 /* [CP] Check Pods Manifest.lock */ = {
			isa = PBXShellScriptBuildPhase;
			buildActionMask = 2147483647;
			files = (
			);
			inputFileListPaths = (
			);
			inputPaths = (
				"${PODS_PODFILE_DIR_PATH}/Podfile.lock",
				"${PODS_ROOT}/Manifest.lock",
			);
			name = "[CP] Check Pods Manifest.lock";
			outputFileListPaths = (
			);
			outputPaths = (
				"$(DERIVED_FILE_DIR)/Pods-Cov_in_Status_Bar-checkManifestLockResult.txt",
			);
			runOnlyForDeploymentPostprocessing = 0;
			shellPath = /bin/sh;
			shellScript = "diff \"${PODS_PODFILE_DIR_PATH}/Podfile.lock\" \"${PODS_ROOT}/Manifest.lock\" > /dev/null\nif [ $? != 0 ] ; then\n    # print error to STDERR\n    echo \"error: The sandbox is not in sync with the Podfile.lock. Run 'pod install' or update your CocoaPods installation.\" >&2\n    exit 1\nfi\n# This output is used by Xcode 'outputs' to avoid re-running this script phase.\necho \"SUCCESS\" > \"${SCRIPT_OUTPUT_FILE_0}\"\n";
			showEnvVarsInLog = 0;
		};
		BDE5E03E9497AA2BE156E0A4 /* [CP] Embed Pods Frameworks */ = {
			isa = PBXShellScriptBuildPhase;
			buildActionMask = 2147483647;
			files = (
			);
			inputFileListPaths = (
				"${PODS_ROOT}/Target Support Files/Pods-Cov_in_Status_Bar/Pods-Cov_in_Status_Bar-frameworks-${CONFIGURATION}-input-files.xcfilelist",
			);
			name = "[CP] Embed Pods Frameworks";
			outputFileListPaths = (
				"${PODS_ROOT}/Target Support Files/Pods-Cov_in_Status_Bar/Pods-Cov_in_Status_Bar-frameworks-${CONFIGURATION}-output-files.xcfilelist",
			);
			runOnlyForDeploymentPostprocessing = 0;
			shellPath = /bin/sh;
			shellScript = "\"${PODS_ROOT}/Target Support Files/Pods-Cov_in_Status_Bar/Pods-Cov_in_Status_Bar-frameworks.sh\"\n";
			showEnvVarsInLog = 0;
		};
/* End PBXShellScriptBuildPhase section */

/* Begin PBXSourcesBuildPhase section */
		2FE6B1602403272F00752A55 /* Sources */ = {
			isa = PBXSourcesBuildPhase;
			buildActionMask = 2147483647;
			files = (
				2FE6B17A2403389600752A55 /* LoadableView.swift in Sources */,
				2FE6B1682403272F00752A55 /* AppDelegate.swift in Sources */,
				2FE6B1782403345100752A55 /* CustomView.swift in Sources */,
			);
			runOnlyForDeploymentPostprocessing = 0;
		};
/* End PBXSourcesBuildPhase section */

/* Begin PBXVariantGroup section */
		2FE6B16B2403273000752A55 /* MainMenu.xib */ = {
			isa = PBXVariantGroup;
			children = (
				2FE6B16C2403273000752A55 /* Base */,
			);
			name = MainMenu.xib;
			sourceTree = "<group>";
		};
/* End PBXVariantGroup section */

/* Begin XCBuildConfiguration section */
		2FE6B1702403273000752A55 /* Debug */ = {
			isa = XCBuildConfiguration;
			buildSettings = {
				ALWAYS_SEARCH_USER_PATHS = NO;
				CLANG_ANALYZER_NONNULL = YES;
				CLANG_ANALYZER_NUMBER_OBJECT_CONVERSION = YES_AGGRESSIVE;
				CLANG_CXX_LANGUAGE_STANDARD = "gnu++14";
				CLANG_CXX_LIBRARY = "libc++";
				CLANG_ENABLE_MODULES = YES;
				CLANG_ENABLE_OBJC_ARC = YES;
				CLANG_ENABLE_OBJC_WEAK = YES;
				CLANG_WARN_BLOCK_CAPTURE_AUTORELEASING = YES;
				CLANG_WARN_BOOL_CONVERSION = YES;
				CLANG_WARN_COMMA = YES;
				CLANG_WARN_CONSTANT_CONVERSION = YES;
				CLANG_WARN_DEPRECATED_OBJC_IMPLEMENTATIONS = YES;
				CLANG_WARN_DIRECT_OBJC_ISA_USAGE = YES_ERROR;
				CLANG_WARN_DOCUMENTATION_COMMENTS = YES;
				CLANG_WARN_EMPTY_BODY = YES;
				CLANG_WARN_ENUM_CONVERSION = YES;
				CLANG_WARN_INFINITE_RECURSION = YES;
				CLANG_WARN_INT_CONVERSION = YES;
				CLANG_WARN_NON_LITERAL_NULL_CONVERSION = YES;
				CLANG_WARN_OBJC_IMPLICIT_RETAIN_SELF = YES;
				CLANG_WARN_OBJC_LITERAL_CONVERSION = YES;
				CLANG_WARN_OBJC_ROOT_CLASS = YES_ERROR;
				CLANG_WARN_RANGE_LOOP_ANALYSIS = YES;
				CLANG_WARN_STRICT_PROTOTYPES = YES;
				CLANG_WARN_SUSPICIOUS_MOVE = YES;
				CLANG_WARN_UNGUARDED_AVAILABILITY = YES_AGGRESSIVE;
				CLANG_WARN_UNREACHABLE_CODE = YES;
				CLANG_WARN__DUPLICATE_METHOD_MATCH = YES;
				COPY_PHASE_STRIP = NO;
				DEBUG_INFORMATION_FORMAT = dwarf;
				ENABLE_STRICT_OBJC_MSGSEND = YES;
				ENABLE_TESTABILITY = YES;
				GCC_C_LANGUAGE_STANDARD = gnu11;
				GCC_DYNAMIC_NO_PIC = NO;
				GCC_NO_COMMON_BLOCKS = YES;
				GCC_OPTIMIZATION_LEVEL = 0;
				GCC_PREPROCESSOR_DEFINITIONS = (
					"DEBUG=1",
					"$(inherited)",
				);
				GCC_WARN_64_TO_32_BIT_CONVERSION = YES;
				GCC_WARN_ABOUT_RETURN_TYPE = YES_ERROR;
				GCC_WARN_UNDECLARED_SELECTOR = YES;
				GCC_WARN_UNINITIALIZED_AUTOS = YES_AGGRESSIVE;
				GCC_WARN_UNUSED_FUNCTION = YES;
				GCC_WARN_UNUSED_VARIABLE = YES;
				MACOSX_DEPLOYMENT_TARGET = 10.15;
				MTL_ENABLE_DEBUG_INFO = INCLUDE_SOURCE;
				MTL_FAST_MATH = YES;
				ONLY_ACTIVE_ARCH = YES;
				SDKROOT = macosx;
				SWIFT_ACTIVE_COMPILATION_CONDITIONS = DEBUG;
				SWIFT_OPTIMIZATION_LEVEL = "-Onone";
			};
			name = Debug;
		};
		2FE6B1712403273000752A55 /* Release */ = {
			isa = XCBuildConfiguration;
			buildSettings = {
				ALWAYS_SEARCH_USER_PATHS = NO;
				CLANG_ANALYZER_NONNULL = YES;
				CLANG_ANALYZER_NUMBER_OBJECT_CONVERSION = YES_AGGRESSIVE;
				CLANG_CXX_LANGUAGE_STANDARD = "gnu++14";
				CLANG_CXX_LIBRARY = "libc++";
				CLANG_ENABLE_MODULES = YES;
				CLANG_ENABLE_OBJC_ARC = YES;
				CLANG_ENABLE_OBJC_WEAK = YES;
				CLANG_WARN_BLOCK_CAPTURE_AUTORELEASING = YES;
				CLANG_WARN_BOOL_CONVERSION = YES;
				CLANG_WARN_COMMA = YES;
				CLANG_WARN_CONSTANT_CONVERSION = YES;
				CLANG_WARN_DEPRECATED_OBJC_IMPLEMENTATIONS = YES;
				CLANG_WARN_DIRECT_OBJC_ISA_USAGE = YES_ERROR;
				CLANG_WARN_DOCUMENTATION_COMMENTS = YES;
				CLANG_WARN_EMPTY_BODY = YES;
				CLANG_WARN_ENUM_CONVERSION = YES;
				CLANG_WARN_INFINITE_RECURSION = YES;
				CLANG_WARN_INT_CONVERSION = YES;
				CLANG_WARN_NON_LITERAL_NULL_CONVERSION = YES;
				CLANG_WARN_OBJC_IMPLICIT_RETAIN_SELF = YES;
				CLANG_WARN_OBJC_LITERAL_CONVERSION = YES;
				CLANG_WARN_OBJC_ROOT_CLASS = YES_ERROR;
				CLANG_WARN_RANGE_LOOP_ANALYSIS = YES;
				CLANG_WARN_STRICT_PROTOTYPES = YES;
				CLANG_WARN_SUSPICIOUS_MOVE = YES;
				CLANG_WARN_UNGUARDED_AVAILABILITY = YES_AGGRESSIVE;
				CLANG_WARN_UNREACHABLE_CODE = YES;
				CLANG_WARN__DUPLICATE_METHOD_MATCH = YES;
				COPY_PHASE_STRIP = NO;
				DEBUG_INFORMATION_FORMAT = "dwarf-with-dsym";
				ENABLE_NS_ASSERTIONS = NO;
				ENABLE_STRICT_OBJC_MSGSEND = YES;
				GCC_C_LANGUAGE_STANDARD = gnu11;
				GCC_NO_COMMON_BLOCKS = YES;
				GCC_WARN_64_TO_32_BIT_CONVERSION = YES;
				GCC_WARN_ABOUT_RETURN_TYPE = YES_ERROR;
				GCC_WARN_UNDECLARED_SELECTOR = YES;
				GCC_WARN_UNINITIALIZED_AUTOS = YES_AGGRESSIVE;
				GCC_WARN_UNUSED_FUNCTION = YES;
				GCC_WARN_UNUSED_VARIABLE = YES;
				MACOSX_DEPLOYMENT_TARGET = 10.15;
				MTL_ENABLE_DEBUG_INFO = NO;
				MTL_FAST_MATH = YES;
				SDKROOT = macosx;
				SWIFT_COMPILATION_MODE = wholemodule;
				SWIFT_OPTIMIZATION_LEVEL = "-O";
			};
			name = Release;
		};
		2FE6B1732403273000752A55 /* Debug */ = {
			isa = XCBuildConfiguration;
			baseConfigurationReference = 79A3DA92A592906D02B6105C /* Pods-Cov_in_Status_Bar.debug.xcconfig */;
			buildSettings = {
				ASSETCATALOG_COMPILER_APPICON_NAME = AppIcon;
				CODE_SIGN_ENTITLEMENTS = Cov_in_Status_Bar/Cov_in_Status_Bar.entitlements;
				CODE_SIGN_IDENTITY = "Apple Development";
				CODE_SIGN_STYLE = Automatic;
				COMBINE_HIDPI_IMAGES = YES;
				DEVELOPMENT_TEAM = 76VRT679HQ;
				ENABLE_HARDENED_RUNTIME = YES;
				INFOPLIST_FILE = Cov_in_Status_Bar/Info.plist;
				LD_RUNPATH_SEARCH_PATHS = (
					"$(inherited)",
					"@executable_path/../Frameworks",
				);
				MACOSX_DEPLOYMENT_TARGET = 10.15;
				PRODUCT_BUNDLE_IDENTIFIER = "yangyang.Cov-in-Status-Bar";
				PRODUCT_NAME = "$(TARGET_NAME)";
				SWIFT_VERSION = 5.0;
			};
			name = Debug;
		};
		2FE6B1742403273000752A55 /* Release */ = {
			isa = XCBuildConfiguration;
			baseConfigurationReference = C5D0A3193F616C554DF9008F /* Pods-Cov_in_Status_Bar.release.xcconfig */;
			buildSettings = {
				ASSETCATALOG_COMPILER_APPICON_NAME = AppIcon;
				CODE_SIGN_ENTITLEMENTS = Cov_in_Status_Bar/Cov_in_Status_Bar.entitlements;
				CODE_SIGN_IDENTITY = "Apple Development";
				CODE_SIGN_STYLE = Automatic;
				COMBINE_HIDPI_IMAGES = YES;
				DEVELOPMENT_TEAM = 76VRT679HQ;
				ENABLE_HARDENED_RUNTIME = YES;
				INFOPLIST_FILE = Cov_in_Status_Bar/Info.plist;
				LD_RUNPATH_SEARCH_PATHS = (
					"$(inherited)",
					"@executable_path/../Frameworks",
				);
				MACOSX_DEPLOYMENT_TARGET = 10.15;
				PRODUCT_BUNDLE_IDENTIFIER = "yangyang.Cov-in-Status-Bar";
				PRODUCT_NAME = "$(TARGET_NAME)";
				SWIFT_VERSION = 5.0;
			};
			name = Release;
		};
/* End XCBuildConfiguration section */

/* Begin XCConfigurationList section */
		2FE6B15F2403272F00752A55 /* Build configuration list for PBXProject "Cov_in_Status_Bar" */ = {
			isa = XCConfigurationList;
			buildConfigurations = (
				2FE6B1702403273000752A55 /* Debug */,
				2FE6B1712403273000752A55 /* Release */,
			);
			defaultConfigurationIsVisible = 0;
			defaultConfigurationName = Release;
		};
		2FE6B1722403273000752A55 /* Build configuration list for PBXNativeTarget "Cov_in_Status_Bar" */ = {
			isa = XCConfigurationList;
			buildConfigurations = (
				2FE6B1732403273000752A55 /* Debug */,
				2FE6B1742403273000752A55 /* Release */,
			);
			defaultConfigurationIsVisible = 0;
			defaultConfigurationName = Release;
		};
/* End XCConfigurationList section */
	};
	rootObject = 2FE6B15C2403272F00752A55 /* Project object */;
}
